
Microsoft Visual Studio Solution File, Format Version 12.00
# Visual Studio Version 16
VisualStudioVersion = 16.0.31005.135
MinimumVisualStudioVersion = 10.0.40219.1
Project("{FAE04EC0-301F-11D3-BF4B-00C04F79EFBC}") = "SemaforoSistemas", "SemaforoSistemas\SemaforoSistemas.csproj", "{DDFAD181-2522-48F0-85A3-FF7969911FF3}"
EndProject
Global
	GlobalSection(SolutionConfigurationPlatforms) = preSolution
		Debug|Any CPU = Debug|Any CPU
		Release|Any CPU = Release|Any CPU
	EndGlobalSection
	GlobalSection(ProjectConfigurationPlatforms) = postSolution
		{DDFAD181-2522-48F0-85A3-FF7969911FF3}.Debug|Any CPU.ActiveCfg = Debug|Any CPU
		{DDFAD181-2522-48F0-85A3-FF7969911FF3}.Debug|Any CPU.Build.0 = Debug|Any CPU
		{DDFAD181-2522-48F0-85A3-FF7969911FF3}.Release|Any CPU.ActiveCfg = Release|Any CPU
		{DDFAD181-2522-48F0-85A3-FF7969911FF3}.Release|Any CPU.Build.0 = Release|Any CPU
	EndGlobalSection
	GlobalSection(SolutionProperties) = preSolution
		HideSolutionNode = FALSE
	EndGlobalSection
	GlobalSection(ExtensibilityGlobals) = postSolution
		SolutionGuid = {8FBE062B-11FA-406B-BBBD-4369C0CAF6EC}
	EndGlobalSection
EndGlobal
